<?xml version="1.0"?>
<CONFIG>
  <ProjectOptions>
    <Version Value="7"/>
    <General>
      <Flags>
        <MainUnitHasUsesSectionForAllUnits Value="False"/>
        <MainUnitHasCreateFormStatements Value="False"/>
        <MainUnitHasTitleStatement Value="False"/>
        <LRSInOutputDirectory Value="False"/>
      </Flags>
      <MainUnit Value="0"/>
      <TargetFileExt Value=""/>
      <Title Value="ExtPascalSamples_embedded"/>
      <UseAppBundle Value="False"/>
      <ActiveEditorIndexAtStart Value="0"/>
    </General>
    <VersionInfo>
      <ProjectVersion Value=""/>
    </VersionInfo>
    <PublishOptions>
      <Version Value="2"/>
      <IgnoreBinaries Value="False"/>
      <IncludeFileFilter Value="*.(pas|pp|inc|lfm|lpr|lrs|lpi|lpk|sh|xml)"/>
      <ExcludeFileFilter Value="*.(bak|ppu|ppw|o|so);*~;backup"/>
    </PublishOptions>
    <RunParams>
      <local>
        <FormatVersion Value="1"/>
        <LaunchingApplication PathPlusParams="/usr/X11R6/bin/xterm -T 'Lazarus Run Output' -e $(LazarusDir)/tools/runwait.sh $(TargetCmdLine)"/>
      </local>
    </RunParams>
    <Units Count="2">
      <Unit0>
        <Filename Value="ExtPascalSamples.dpr"/>
        <IsPartOfProject Value="True"/>
        <UnitName Value="ExtPascalSamples"/>
        <CursorPos X="1" Y="115"/>
        <TopLine Value="93"/>
        <EditorIndex Value="0"/>
        <UsageCount Value="22"/>
        <Loaded Value="True"/>
        <SyntaxHighlighter Value="Delphi"/>
      </Unit0>
      <Unit1>
        <Filename Value="IdExtHTTPServer.pas"/>
        <UnitName Value="IdExtHTTPServer"/>
        <CursorPos X="12" Y="6"/>
        <TopLine Value="1"/>
        <EditorIndex Value="1"/>
        <UsageCount Value="10"/>
        <Loaded Value="True"/>
        <SyntaxHighlighter Value="Delphi"/>
      </Unit1>
    </Units>
    <JumpHistory Count="2" HistoryIndex="1">
      <Position1>
        <Filename Value="IdExtHTTPServer.pas"/>
        <Caret Line="1" Column="1" TopLine="1"/>
      </Position1>
      <Position2>
        <Filename Value="ExtPascalSamples.dpr"/>
        <Caret Line="21" Column="56" TopLine="1"/>
      </Position2>
    </JumpHistory>
  </ProjectOptions>
  <CompilerOptions>
    <Version Value="8"/>
    <SearchPaths>
      <OtherUnitFiles Value="../indy/fpc/"/>
      <LCLWidgetType Value="nogui"/>
    </SearchPaths>
    <Parsing>
      <SyntaxOptions>
        <SyntaxMode Value="Delphi"/>
        <CStyleOperator Value="False"/>
        <CStyleMacros Value="True"/>
        <UseAnsiStrings Value="True"/>
      </SyntaxOptions>
    </Parsing>
    <CodeGeneration>
      <Checks>
        <IOChecks Value="True"/>
        <RangeChecks Value="True"/>
        <OverflowChecks Value="True"/>
        <StackChecks Value="True"/>
      </Checks>
      <Optimizations>
        <OptimizationLevel Value="0"/>
      </Optimizations>
    </CodeGeneration>
    <Other>
      <Verbosity>
        <ShowHints Value="False"/>
      </Verbosity>
      <CustomOptions Value="-dWEBSERVER"/>
      <CompilerPath Value="$(CompPath)"/>
    </Other>
  </CompilerOptions>
  <Debugging>
    <Exceptions Count="2">
      <Item1>
        <Name Value="ECodetoolError"/>
      </Item1>
      <Item2>
        <Name Value="EFOpenError"/>
      </Item2>
    </Exceptions>
  </Debugging>
</CONFIG>
