<?xml version="1.0"?>
<CONFIG>
  <ProjectOptions>
    <Version Value="7"/>
    <General>
      <Flags>
        <MainUnitHasCreateFormStatements Value="False"/>
        <MainUnitHasTitleStatement Value="False"/>
        <LRSInOutputDirectory Value="False"/>
      </Flags>
      <MainUnit Value="0"/>
      <TargetFileExt Value=""/>
      <UseAppBundle Value="False"/>
      <ActiveEditorIndexAtStart Value="0"/>
    </General>
    <VersionInfo>
      <ProjectVersion Value=""/>
      <Language Value=""/>
      <CharSet Value=""/>
    </VersionInfo>
    <PublishOptions>
      <Version Value="2"/>
      <IgnoreBinaries Value="False"/>
      <IncludeFileFilter Value="*.(pas|pp|inc|lfm|lpr|lrs|lpi|lpk|sh|xml)"/>
      <ExcludeFileFilter Value="*.(bak|ppu|ppw|o|so);*~;backup"/>
    </PublishOptions>
    <RunParams>
      <local>
        <FormatVersion Value="1"/>
        <LaunchingApplication PathPlusParams="/usr/X11R6/bin/xterm -T 'Lazarus Run Output' -e $(LazarusDir)/tools/runwait.sh $(TargetCmdLine)"/>
      </local>
    </RunParams>
    <RequiredPackages Count="2">
      <Item1>
        <PackageName Value="ExtP_Grid"/>
        <MinVersion Minor="1" Release="2" Valid="True"/>
      </Item1>
      <Item2>
        <PackageName Value="ExtP_Ctrls"/>
      </Item2>
    </RequiredPackages>
    <Units Count="2">
      <Unit0>
        <Filename Value="fishfacts.lpr"/>
        <IsPartOfProject Value="True"/>
        <UnitName Value="fishfacts"/>
        <UsageCount Value="40"/>
        <SyntaxHighlighter Value="Delphi"/>
      </Unit0>
      <Unit1>
        <Filename Value="mainform.pas"/>
        <IsPartOfProject Value="True"/>
        <ComponentName Value="EditWindow"/>
        <UnitName Value="mainform"/>
        <CursorPos X="11" Y="128"/>
        <TopLine Value="120"/>
        <EditorIndex Value="0"/>
        <UsageCount Value="40"/>
        <Loaded Value="True"/>
        <SyntaxHighlighter Value="Delphi"/>
      </Unit1>
    </Units>
    <JumpHistory Count="14" HistoryIndex="13">
      <Position1>
        <Filename Value="mainform.pas"/>
        <Caret Line="76" Column="23" TopLine="1"/>
      </Position1>
      <Position2>
        <Filename Value="mainform.pas"/>
        <Caret Line="89" Column="14" TopLine="71"/>
      </Position2>
      <Position3>
        <Filename Value="mainform.pas"/>
        <Caret Line="96" Column="26" TopLine="76"/>
      </Position3>
      <Position4>
        <Filename Value="mainform.pas"/>
        <Caret Line="72" Column="63" TopLine="68"/>
      </Position4>
      <Position5>
        <Filename Value="mainform.pas"/>
        <Caret Line="88" Column="24" TopLine="77"/>
      </Position5>
      <Position6>
        <Filename Value="mainform.pas"/>
        <Caret Line="120" Column="20" TopLine="106"/>
      </Position6>
      <Position7>
        <Filename Value="mainform.pas"/>
        <Caret Line="117" Column="59" TopLine="104"/>
      </Position7>
      <Position8>
        <Filename Value="mainform.pas"/>
        <Caret Line="135" Column="52" TopLine="116"/>
      </Position8>
      <Position9>
        <Filename Value="mainform.pas"/>
        <Caret Line="45" Column="12" TopLine="32"/>
      </Position9>
      <Position10>
        <Filename Value="mainform.pas"/>
        <Caret Line="119" Column="40" TopLine="109"/>
      </Position10>
      <Position11>
        <Filename Value="mainform.pas"/>
        <Caret Line="121" Column="166" TopLine="109"/>
      </Position11>
      <Position12>
        <Filename Value="mainform.pas"/>
        <Caret Line="131" Column="1" TopLine="118"/>
      </Position12>
      <Position13>
        <Filename Value="mainform.pas"/>
        <Caret Line="105" Column="98" TopLine="82"/>
      </Position13>
      <Position14>
        <Filename Value="mainform.pas"/>
        <Caret Line="124" Column="130" TopLine="114"/>
      </Position14>
    </JumpHistory>
  </ProjectOptions>
  <CompilerOptions>
    <Version Value="8"/>
    <SearchPaths>
      <OtherUnitFiles Value="$PKGDIR(ExtP_Ctrls)/../../"/>
      <LCLWidgetType Value="nogui"/>
    </SearchPaths>
    <Parsing>
      <SyntaxOptions>
        <SyntaxMode Value="Delphi"/>
        <CStyleMacros Value="True"/>
        <UseAnsiStrings Value="True"/>
      </SyntaxOptions>
    </Parsing>
    <CodeGeneration>
      <Checks>
        <RangeChecks Value="True"/>
        <OverflowChecks Value="True"/>
        <StackChecks Value="True"/>
      </Checks>
      <Optimizations>
        <OptimizationLevel Value="0"/>
      </Optimizations>
    </CodeGeneration>
    <Other>
      <ConfigFile>
        <CustomConfigFile Value="True"/>
        <ConfigFilePath Value="extpascal.cfg"/>
      </ConfigFile>
      <CustomOptions Value="-dDEBUGJS"/>
      <CompilerPath Value="$(CompPath)"/>
      <ExecuteBefore>
        <Command Value="&quot;$PKGDIR(ExtP_Ctrls)/../fmtoextp/fmtoextp$ExeExt()&quot; &quot;$Project(InfoFile)&quot; -r"/>
        <ScanForFPCMsgs Value="True"/>
        <ShowAllMessages Value="True"/>
      </ExecuteBefore>
    </Other>
  </CompilerOptions>
  <Debugging>
    <Exceptions Count="3">
      <Item1>
        <Name Value="EAbort"/>
      </Item1>
      <Item2>
        <Name Value="ECodetoolError"/>
      </Item2>
      <Item3>
        <Name Value="EFOpenError"/>
      </Item3>
    </Exceptions>
  </Debugging>
</CONFIG>
