<?xml version="1.0"?>
<CONFIG>
  <ProjectOptions>
    <PathDelim Value="\"/>
    <Version Value="7"/>
    <General>
      <Flags>
        <MainUnitHasCreateFormStatements Value="False"/>
        <MainUnitHasTitleStatement Value="False"/>
      </Flags>
      <MainUnit Value="0"/>
      <TargetFileExt Value=".exe"/>
      <UseXPManifest Value="True"/>
      <ActiveWindowIndexAtStart Value="0"/>
    </General>
    <VersionInfo>
      <Language Value=""/>
      <CharSet Value=""/>
      <StringTable Comments="" CompanyName="" FileDescription="" FileVersion="0.0.0.0" InternalName="" LegalCopyright="" LegalTrademarks="" OriginalFilename="" ProductName="" ProductVersion=""/>
    </VersionInfo>
    <PublishOptions>
      <Version Value="2"/>
      <IgnoreBinaries Value="False"/>
      <IncludeFileFilter Value="*.(pas|pp|inc|lfm|lpr|lrs|lpi|lpk|sh|xml)"/>
      <ExcludeFileFilter Value="*.(bak|ppu|ppw|o|so);*~;backup"/>
    </PublishOptions>
    <RunParams>
      <local>
        <FormatVersion Value="1"/>
        <LaunchingApplication PathPlusParams="/usr/X11R6/bin/xterm -T 'Lazarus Run Output' -e $(LazarusDir)/tools/runwait.sh $(TargetCmdLine)"/>
      </local>
    </RunParams>
    <Units Count="7">
      <Unit0>
        <Filename Value="ExtPascalSamples.dpr"/>
        <IsPartOfProject Value="True"/>
        <IsVisibleTab Value="True"/>
        <EditorIndex Value="0"/>
        <WindowIndex Value="0"/>
        <TopLine Value="1"/>
        <CursorPos X="25" Y="16"/>
        <UsageCount Value="28"/>
        <Loaded Value="True"/>
        <DefaultSyntaxHighlighter Value="Delphi"/>
      </Unit0>
      <Unit1>
        <Filename Value="ExtPascal.pas"/>
        <UnitName Value="ExtPascal"/>
        <WindowIndex Value="0"/>
        <TopLine Value="37"/>
        <CursorPos X="75" Y="59"/>
        <UsageCount Value="10"/>
        <DefaultSyntaxHighlighter Value="Delphi"/>
      </Unit1>
      <Unit2>
        <Filename Value="FCGIApp.pas"/>
        <UnitName Value="FCGIApp"/>
        <WindowIndex Value="0"/>
        <TopLine Value="667"/>
        <CursorPos X="95" Y="694"/>
        <UsageCount Value="12"/>
        <DefaultSyntaxHighlighter Value="Delphi"/>
      </Unit2>
      <Unit3>
        <Filename Value="..\..\lazarus\fpc\2.2.4\source\rtl\objpas\strutils.pp"/>
        <UnitName Value="strutils"/>
        <WindowIndex Value="0"/>
        <TopLine Value="73"/>
        <CursorPos X="10" Y="95"/>
        <UsageCount Value="10"/>
      </Unit3>
      <Unit4>
        <Filename Value="..\..\lazarus\fpc\2.2.4\source\rtl\inc\wstringh.inc"/>
        <WindowIndex Value="0"/>
        <TopLine Value="2"/>
        <CursorPos X="10" Y="24"/>
        <UsageCount Value="10"/>
      </Unit4>
      <Unit5>
        <Filename Value="ExtPascalUtils.pas"/>
        <UnitName Value="ExtPascalUtils"/>
        <WindowIndex Value="0"/>
        <TopLine Value="628"/>
        <CursorPos X="26" Y="657"/>
        <UsageCount Value="10"/>
        <DefaultSyntaxHighlighter Value="Delphi"/>
      </Unit5>
      <Unit6>
        <Filename Value="IdExtHTTPServer.pas"/>
        <UnitName Value="IdExtHTTPServer"/>
        <WindowIndex Value="0"/>
        <TopLine Value="1"/>
        <CursorPos X="12" Y="6"/>
        <UsageCount Value="10"/>
        <DefaultSyntaxHighlighter Value="Delphi"/>
      </Unit6>
    </Units>
    <JumpHistory Count="6" HistoryIndex="5">
      <Position1>
        <Filename Value="ExtPascalSamples.dpr"/>
        <Caret Line="74" Column="43" TopLine="46"/>
      </Position1>
      <Position2>
        <Filename Value="ExtPascalSamples.dpr"/>
        <Caret Line="927" Column="77" TopLine="626"/>
      </Position2>
      <Position3>
        <Filename Value="ExtPascalSamples.dpr"/>
        <Caret Line="1" Column="1" TopLine="1"/>
      </Position3>
      <Position4>
        <Filename Value="ExtPascalSamples.dpr"/>
        <Caret Line="27" Column="104" TopLine="1"/>
      </Position4>
      <Position5>
        <Filename Value="ExtPascalSamples.dpr"/>
        <Caret Line="34" Column="118" TopLine="1"/>
      </Position5>
      <Position6>
        <Filename Value="ExtPascalSamples.dpr"/>
        <Caret Line="32" Column="58" TopLine="1"/>
      </Position6>
    </JumpHistory>
  </ProjectOptions>
  <CompilerOptions>
    <Version Value="8"/>
    <PathDelim Value="\"/>
    <SearchPaths>
      <OtherUnitFiles Value="..\"/>
    </SearchPaths>
    <Parsing>
      <SyntaxOptions>
        <SyntaxMode Value="Delphi"/>
        <CStyleMacros Value="True"/>
        <UseAnsiStrings Value="True"/>
      </SyntaxOptions>
    </Parsing>
    <CodeGeneration>
      <SmartLinkUnit Value="True"/>
      <SmallerCode Value="True"/>
      <Optimizations>
        <OptimizationLevel Value="3"/>
      </Optimizations>
    </CodeGeneration>
    <Linking>
      <Debugging>
        <UseLineInfoUnit Value="False"/>
        <StripSymbols Value="True"/>
      </Debugging>
      <LinkSmart Value="True"/>
    </Linking>
    <Other>
      <CompilerPath Value="$(CompPath)"/>
    </Other>
  </CompilerOptions>
  <Debugging>
    <Exceptions Count="3">
      <Item1>
        <Name Value="EAbort"/>
      </Item1>
      <Item2>
        <Name Value="ECodetoolError"/>
      </Item2>
      <Item3>
        <Name Value="EFOpenError"/>
      </Item3>
    </Exceptions>
  </Debugging>
</CONFIG>
