<?xml version="1.0"?>
<CONFIG>
  <ProjectOptions>
    <Version Value="9"/>
    <PathDelim Value="\"/>
    <General>
      <Flags>
        <MainUnitHasCreateFormStatements Value="False"/>
        <MainUnitHasTitleStatement Value="False"/>
      </Flags>
      <MainUnit Value="0"/>
      <UseXPManifest Value="True"/>
      <ActiveWindowIndexAtStart Value="0"/>
    </General>
    <VersionInfo>
      <Language Value=""/>
      <CharSet Value=""/>
      <StringTable ProductVersion=""/>
    </VersionInfo>
    <BuildModes Count="2" Active="Release">
      <Item1 Name="Debug" Default="True"/>
      <Item2 Name="Release">
        <CompilerOptions>
          <Version Value="10"/>
          <PathDelim Value="\"/>
          <SearchPaths>
            <IncludeFiles Value="$(ProjOutDir)"/>
            <OtherUnitFiles Value="..;..\ExtJSWrapper"/>
            <UnitOutputDirectory Value="C:\Users\Wanderlan\Trabalho\ExtPascal\bin"/>
          </SearchPaths>
          <Parsing>
            <SyntaxOptions>
              <SyntaxMode Value="Delphi"/>
              <CStyleMacros Value="True"/>
            </SyntaxOptions>
          </Parsing>
          <CodeGeneration>
            <SmartLinkUnit Value="True"/>
            <Optimizations>
              <OptimizationLevel Value="3"/>
            </Optimizations>
          </CodeGeneration>
          <Linking>
            <Debugging>
              <UseLineInfoUnit Value="False"/>
              <StripSymbols Value="True"/>
              <UseExternalDbgSyms Value="True"/>
            </Debugging>
            <LinkSmart Value="True"/>
          </Linking>
          <Other>
            <ConfigFile>
              <StopAfterErrCount Value="10"/>
            </ConfigFile>
            <CompilerMessages>
              <UseMsgFile Value="True"/>
            </CompilerMessages>
            <CompilerPath Value="$(CompPath)"/>
          </Other>
        </CompilerOptions>
      </Item2>
    </BuildModes>
    <PublishOptions>
      <Version Value="2"/>
      <IgnoreBinaries Value="False"/>
      <IncludeFileFilter Value="*.(pas|pp|inc|lfm|lpr|lrs|lpi|lpk|sh|xml)"/>
      <ExcludeFileFilter Value="*.(bak|ppu|ppw|o|so);*~;backup"/>
    </PublishOptions>
    <RunParams>
      <local>
        <FormatVersion Value="1"/>
        <LaunchingApplication PathPlusParams="/usr/X11R6/bin/xterm -T 'Lazarus Run Output' -e $(LazarusDir)/tools/runwait.sh $(TargetCmdLine)"/>
      </local>
    </RunParams>
    <Units Count="25">
      <Unit0>
        <Filename Value="ExtPascalSamples.dpr"/>
        <IsPartOfProject Value="True"/>
        <EditorIndex Value="0"/>
        <WindowIndex Value="0"/>
        <TopLine Value="1"/>
        <CursorPos X="55" Y="11"/>
        <UsageCount Value="40"/>
        <Loaded Value="True"/>
        <DefaultSyntaxHighlighter Value="Delphi"/>
      </Unit0>
      <Unit1>
        <Filename Value="ExtPascal.pas"/>
        <UnitName Value="ExtPascal"/>
        <WindowIndex Value="0"/>
        <TopLine Value="37"/>
        <CursorPos X="75" Y="59"/>
        <UsageCount Value="10"/>
        <DefaultSyntaxHighlighter Value="Delphi"/>
      </Unit1>
      <Unit2>
        <Filename Value="FCGIApp.pas"/>
        <UnitName Value="FCGIApp"/>
        <WindowIndex Value="0"/>
        <TopLine Value="667"/>
        <CursorPos X="95" Y="694"/>
        <UsageCount Value="12"/>
        <DefaultSyntaxHighlighter Value="Delphi"/>
      </Unit2>
      <Unit3>
        <Filename Value="..\..\lazarus\fpc\2.2.4\source\rtl\objpas\strutils.pp"/>
        <UnitName Value="strutils"/>
        <WindowIndex Value="0"/>
        <TopLine Value="73"/>
        <CursorPos X="10" Y="95"/>
        <UsageCount Value="10"/>
        <DefaultSyntaxHighlighter Value="Delphi"/>
      </Unit3>
      <Unit4>
        <Filename Value="..\..\lazarus\fpc\2.2.4\source\rtl\inc\wstringh.inc"/>
        <WindowIndex Value="0"/>
        <TopLine Value="2"/>
        <CursorPos X="10" Y="24"/>
        <UsageCount Value="10"/>
        <DefaultSyntaxHighlighter Value="Delphi"/>
      </Unit4>
      <Unit5>
        <Filename Value="ExtPascalUtils.pas"/>
        <UnitName Value="ExtPascalUtils"/>
        <WindowIndex Value="0"/>
        <TopLine Value="628"/>
        <CursorPos X="26" Y="657"/>
        <UsageCount Value="10"/>
        <DefaultSyntaxHighlighter Value="Delphi"/>
      </Unit5>
      <Unit6>
        <Filename Value="IdExtHTTPServer.pas"/>
        <UnitName Value="IdExtHTTPServer"/>
        <WindowIndex Value="0"/>
        <TopLine Value="1"/>
        <CursorPos X="12" Y="6"/>
        <UsageCount Value="10"/>
        <DefaultSyntaxHighlighter Value="Delphi"/>
      </Unit6>
      <Unit7>
        <Filename Value="..\ExtPascal.pas"/>
        <UnitName Value="ExtPascal"/>
        <WindowIndex Value="0"/>
        <TopLine Value="1287"/>
        <CursorPos X="52" Y="1310"/>
        <UsageCount Value="13"/>
        <DefaultSyntaxHighlighter Value="Delphi"/>
      </Unit7>
      <Unit8>
        <Filename Value="..\FCGIApp.pas"/>
        <UnitName Value="FCGIApp"/>
        <WindowIndex Value="0"/>
        <TopLine Value="15"/>
        <CursorPos X="55" Y="34"/>
        <UsageCount Value="12"/>
        <DefaultSyntaxHighlighter Value="Delphi"/>
      </Unit8>
      <Unit9>
        <Filename Value="Session.pas"/>
        <UnitName Value="Session"/>
        <EditorIndex Value="1"/>
        <WindowIndex Value="0"/>
        <TopLine Value="1"/>
        <CursorPos X="19" Y="6"/>
        <UsageCount Value="15"/>
        <Loaded Value="True"/>
        <DefaultSyntaxHighlighter Value="Delphi"/>
      </Unit9>
      <Unit10>
        <Filename Value="..\ExtPascalUtils.pas"/>
        <UnitName Value="ExtPascalUtils"/>
        <WindowIndex Value="0"/>
        <TopLine Value="20"/>
        <CursorPos X="11" Y="40"/>
        <UsageCount Value="13"/>
        <DefaultSyntaxHighlighter Value="Delphi"/>
      </Unit10>
      <Unit11>
        <Filename Value="..\ExtPascalUniGui\ExtPascalUtils.pas"/>
        <UnitName Value="ExtPascalUtils"/>
        <WindowIndex Value="0"/>
        <TopLine Value="291"/>
        <CursorPos X="22" Y="291"/>
        <UsageCount Value="10"/>
        <DefaultSyntaxHighlighter Value="Delphi"/>
      </Unit11>
      <Unit12>
        <Filename Value="..\BlockSocket.pas"/>
        <UnitName Value="BlockSocket"/>
        <WindowIndex Value="0"/>
        <TopLine Value="140"/>
        <CursorPos X="21" Y="145"/>
        <UsageCount Value="10"/>
        <DefaultSyntaxHighlighter Value="Delphi"/>
      </Unit12>
      <Unit13>
        <Filename Value="..\ExtJSWrapper\ExtUtil.pas"/>
        <UnitName Value="ExtUtil"/>
        <WindowIndex Value="0"/>
        <TopLine Value="1"/>
        <CursorPos X="22" Y="5"/>
        <UsageCount Value="10"/>
        <DefaultSyntaxHighlighter Value="Delphi"/>
      </Unit13>
      <Unit14>
        <Filename Value="..\ExtJSWrapper\Ext.pas"/>
        <UnitName Value="Ext"/>
        <IsVisibleTab Value="True"/>
        <EditorIndex Value="3"/>
        <WindowIndex Value="0"/>
        <TopLine Value="14"/>
        <CursorPos X="14" Y="38"/>
        <UsageCount Value="10"/>
        <Loaded Value="True"/>
        <DefaultSyntaxHighlighter Value="Delphi"/>
      </Unit14>
      <Unit15>
        <Filename Value="..\Services.pas"/>
        <UnitName Value="Services"/>
        <WindowIndex Value="0"/>
        <TopLine Value="374"/>
        <CursorPos X="49" Y="388"/>
        <UsageCount Value="10"/>
        <DefaultSyntaxHighlighter Value="Delphi"/>
      </Unit15>
      <Unit16>
        <Filename Value="FileUpload.pas"/>
        <UnitName Value="FileUpload"/>
        <WindowIndex Value="0"/>
        <TopLine Value="1"/>
        <CursorPos X="29" Y="18"/>
        <UsageCount Value="10"/>
        <DefaultSyntaxHighlighter Value="Delphi"/>
      </Unit16>
      <Unit17>
        <Filename Value="..\ExtJSWrapper\ExtDirect.pas"/>
        <UnitName Value="ExtDirect"/>
        <WindowIndex Value="0"/>
        <TopLine Value="1"/>
        <CursorPos X="24" Y="13"/>
        <UsageCount Value="10"/>
        <DefaultSyntaxHighlighter Value="Delphi"/>
      </Unit17>
      <Unit18>
        <Filename Value="ArrayGrid.pas"/>
        <UnitName Value="ArrayGrid"/>
        <WindowIndex Value="0"/>
        <TopLine Value="104"/>
        <CursorPos X="3" Y="128"/>
        <UsageCount Value="10"/>
        <DefaultSyntaxHighlighter Value="Delphi"/>
      </Unit18>
      <Unit19>
        <Filename Value="LayoutWindow.pas"/>
        <UnitName Value="LayoutWindow"/>
        <WindowIndex Value="0"/>
        <TopLine Value="1"/>
        <CursorPos X="15" Y="7"/>
        <UsageCount Value="10"/>
        <DefaultSyntaxHighlighter Value="Delphi"/>
      </Unit19>
      <Unit20>
        <Filename Value="..\ExtPascalClasses.pas"/>
        <UnitName Value="ExtPascalClasses"/>
        <WindowIndex Value="0"/>
        <TopLine Value="34"/>
        <CursorPos X="1" Y="61"/>
        <UsageCount Value="10"/>
        <DefaultSyntaxHighlighter Value="Delphi"/>
      </Unit20>
      <Unit21>
        <Filename Value="..\ext-4.0.7\docs\source\Spinner.html"/>
        <EditorIndex Value="4"/>
        <WindowIndex Value="0"/>
        <TopLine Value="1"/>
        <CursorPos X="116" Y="11"/>
        <UsageCount Value="10"/>
        <Loaded Value="True"/>
        <DefaultSyntaxHighlighter Value="HTML"/>
      </Unit21>
      <Unit22>
        <Filename Value="..\ext-4.0.7\docs\extjs\ext-all-debug.js"/>
        <EditorIndex Value="5"/>
        <WindowIndex Value="0"/>
        <TopLine Value="108236"/>
        <CursorPos X="55" Y="108265"/>
        <UsageCount Value="10"/>
        <Loaded Value="True"/>
        <DefaultSyntaxHighlighter Value="JScript"/>
      </Unit22>
      <Unit23>
        <Filename Value="..\ext-4.0.7\ext-all-dev.js"/>
        <EditorIndex Value="6"/>
        <WindowIndex Value="0"/>
        <TopLine Value="108765"/>
        <CursorPos X="23" Y="108789"/>
        <UsageCount Value="10"/>
        <Loaded Value="True"/>
        <DefaultSyntaxHighlighter Value="JScript"/>
      </Unit23>
      <Unit24>
        <Filename Value="BasicTabPanel.pas"/>
        <UnitName Value="BasicTabPanel"/>
        <EditorIndex Value="2"/>
        <WindowIndex Value="0"/>
        <TopLine Value="1"/>
        <CursorPos X="1" Y="1"/>
        <UsageCount Value="10"/>
        <Loaded Value="True"/>
        <DefaultSyntaxHighlighter Value="Delphi"/>
      </Unit24>
    </Units>
    <JumpHistory Count="30" HistoryIndex="29">
      <Position1>
        <Filename Value="..\ext-4.0.7\docs\extjs\ext-all-debug.js"/>
        <Caret Line="103123" Column="27" TopLine="103099"/>
      </Position1>
      <Position2>
        <Filename Value="..\ext-4.0.7\docs\extjs\ext-all-debug.js"/>
        <Caret Line="103834" Column="16" TopLine="103810"/>
      </Position2>
      <Position3>
        <Filename Value="..\ext-4.0.7\docs\extjs\ext-all-debug.js"/>
        <Caret Line="107996" Column="62" TopLine="107972"/>
      </Position3>
      <Position4>
        <Filename Value="..\ext-4.0.7\ext-all-dev.js"/>
        <Caret Line="440" Column="19" TopLine="440"/>
      </Position4>
      <Position5>
        <Filename Value="..\ext-4.0.7\ext-all-dev.js"/>
        <Caret Line="103181" Column="27" TopLine="103157"/>
      </Position5>
      <Position6>
        <Filename Value="..\ext-4.0.7\ext-all-dev.js"/>
        <Caret Line="1" Column="1" TopLine="1"/>
      </Position6>
      <Position7>
        <Filename Value="..\ext-4.0.7\ext-all-dev.js"/>
        <Caret Line="103181" Column="27" TopLine="103157"/>
      </Position7>
      <Position8>
        <Filename Value="..\ext-4.0.7\ext-all-dev.js"/>
        <Caret Line="1" Column="1" TopLine="1"/>
      </Position8>
      <Position9>
        <Filename Value="..\ext-4.0.7\ext-all-dev.js"/>
        <Caret Line="103181" Column="27" TopLine="103157"/>
      </Position9>
      <Position10>
        <Filename Value="..\ext-4.0.7\ext-all-dev.js"/>
        <Caret Line="103874" Column="27" TopLine="103850"/>
      </Position10>
      <Position11>
        <Filename Value="..\ext-4.0.7\ext-all-dev.js"/>
        <Caret Line="104585" Column="16" TopLine="104561"/>
      </Position11>
      <Position12>
        <Filename Value="..\ext-4.0.7\ext-all-dev.js"/>
        <Caret Line="108756" Column="62" TopLine="108732"/>
      </Position12>
      <Position13>
        <Filename Value="Session.pas"/>
        <Caret Line="6" Column="19" TopLine="1"/>
      </Position13>
      <Position14>
        <Filename Value="..\ExtJSWrapper\Ext.pas"/>
        <Caret Line="29" Column="91" TopLine="1"/>
      </Position14>
      <Position15>
        <Filename Value="..\ExtJSWrapper\Ext.pas"/>
        <Caret Line="36" Column="20" TopLine="23"/>
      </Position15>
      <Position16>
        <Filename Value="..\ExtJSWrapper\Ext.pas"/>
        <Caret Line="24" Column="17" TopLine="5"/>
      </Position16>
      <Position17>
        <Filename Value="..\ExtJSWrapper\Ext.pas"/>
        <Caret Line="97" Column="52" TopLine="87"/>
      </Position17>
      <Position18>
        <Filename Value="..\ExtJSWrapper\Ext.pas"/>
        <Caret Line="1" Column="1" TopLine="1"/>
      </Position18>
      <Position19>
        <Filename Value="..\ExtJSWrapper\Ext.pas"/>
        <Caret Line="23" Column="14" TopLine="1"/>
      </Position19>
      <Position20>
        <Filename Value="..\ExtJSWrapper\Ext.pas"/>
        <Caret Line="29" Column="14" TopLine="5"/>
      </Position20>
      <Position21>
        <Filename Value="..\ExtJSWrapper\Ext.pas"/>
        <Caret Line="38" Column="14" TopLine="14"/>
      </Position21>
      <Position22>
        <Filename Value="..\ExtJSWrapper\Ext.pas"/>
        <Caret Line="83" Column="14" TopLine="59"/>
      </Position22>
      <Position23>
        <Filename Value="..\ExtJSWrapper\Ext.pas"/>
        <Caret Line="102" Column="14" TopLine="78"/>
      </Position23>
      <Position24>
        <Filename Value="..\ExtJSWrapper\Ext.pas"/>
        <Caret Line="127" Column="14" TopLine="103"/>
      </Position24>
      <Position25>
        <Filename Value="..\ExtJSWrapper\Ext.pas"/>
        <Caret Line="167" Column="14" TopLine="143"/>
      </Position25>
      <Position26>
        <Filename Value="..\ExtJSWrapper\Ext.pas"/>
        <Caret Line="192" Column="14" TopLine="168"/>
      </Position26>
      <Position27>
        <Filename Value="..\ExtJSWrapper\Ext.pas"/>
        <Caret Line="242" Column="14" TopLine="218"/>
      </Position27>
      <Position28>
        <Filename Value="..\ExtJSWrapper\Ext.pas"/>
        <Caret Line="1" Column="1" TopLine="1"/>
      </Position28>
      <Position29>
        <Filename Value="..\ExtJSWrapper\Ext.pas"/>
        <Caret Line="23" Column="14" TopLine="1"/>
      </Position29>
      <Position30>
        <Filename Value="..\ExtJSWrapper\Ext.pas"/>
        <Caret Line="29" Column="14" TopLine="5"/>
      </Position30>
    </JumpHistory>
  </ProjectOptions>
  <CompilerOptions>
    <Version Value="10"/>
    <PathDelim Value="\"/>
    <SearchPaths>
      <IncludeFiles Value="$(ProjOutDir)"/>
      <OtherUnitFiles Value=".."/>
    </SearchPaths>
    <Parsing>
      <SyntaxOptions>
        <SyntaxMode Value="Delphi"/>
        <CStyleMacros Value="True"/>
      </SyntaxOptions>
    </Parsing>
    <CodeGeneration>
      <Checks>
        <IOChecks Value="True"/>
        <RangeChecks Value="True"/>
        <OverflowChecks Value="True"/>
        <StackChecks Value="True"/>
      </Checks>
      <Optimizations>
        <OptimizationLevel Value="0"/>
      </Optimizations>
    </CodeGeneration>
    <Linking>
      <Debugging>
        <GenerateDebugInfo Value="True"/>
        <GenerateDwarf Value="True"/>
        <UseExternalDbgSyms Value="True"/>
      </Debugging>
    </Linking>
    <Other>
      <ConfigFile>
        <StopAfterErrCount Value="10"/>
      </ConfigFile>
      <CompilerMessages>
        <UseMsgFile Value="True"/>
      </CompilerMessages>
      <CompilerPath Value="$(CompPath)"/>
    </Other>
  </CompilerOptions>
  <Debugging>
    <Exceptions Count="3">
      <Item1>
        <Name Value="EAbort"/>
      </Item1>
      <Item2>
        <Name Value="ECodetoolError"/>
      </Item2>
      <Item3>
        <Name Value="EFOpenError"/>
      </Item3>
    </Exceptions>
  </Debugging>
</CONFIG>
